
Microsoft Visual Studio Solution File, Format Version 12.00
# Visual Studio 15
VisualStudioVersion = 15.0.27703.2042
MinimumVisualStudioVersion = 10.0.40219.1
Project("{FAE04EC0-301F-11D3-BF4B-00C04F79EFBC}") = "Google_Keep_ToDo", "Google_Keep_ToDo\Google_Keep_ToDo.csproj", "{EBC3F4F6-CBC6-4033-B016-5EC9CAAA60BF}"
EndProject
Project("{FAE04EC0-301F-11D3-BF4B-00C04F79EFBC}") = "Google_Keep_ToDo.Tests", "D:\workspace\todo-mvc-csharp-problem-Varunn96\Google_Keep_ToDo.Tests\Google_Keep_ToDo.Tests.csproj", "{053439B4-8C3B-4117-9201-66191C50096F}"
EndProject
Global
	GlobalSection(SolutionConfigurationPlatforms) = preSolution
		Debug|Any CPU = Debug|Any CPU
		Release|Any CPU = Release|Any CPU
	EndGlobalSection
	GlobalSection(ProjectConfigurationPlatforms) = postSolution
		{EBC3F4F6-CBC6-4033-B016-5EC9CAAA60BF}.Debug|Any CPU.ActiveCfg = Debug|Any CPU
		{EBC3F4F6-CBC6-4033-B016-5EC9CAAA60BF}.Debug|Any CPU.Build.0 = Debug|Any CPU
		{EBC3F4F6-CBC6-4033-B016-5EC9CAAA60BF}.Release|Any CPU.ActiveCfg = Release|Any CPU
		{EBC3F4F6-CBC6-4033-B016-5EC9CAAA60BF}.Release|Any CPU.Build.0 = Release|Any CPU
		{053439B4-8C3B-4117-9201-66191C50096F}.Debug|Any CPU.ActiveCfg = Debug|Any CPU
		{053439B4-8C3B-4117-9201-66191C50096F}.Debug|Any CPU.Build.0 = Debug|Any CPU
		{053439B4-8C3B-4117-9201-66191C50096F}.Release|Any CPU.ActiveCfg = Release|Any CPU
		{053439B4-8C3B-4117-9201-66191C50096F}.Release|Any CPU.Build.0 = Release|Any CPU
	EndGlobalSection
	GlobalSection(SolutionProperties) = preSolution
		HideSolutionNode = FALSE
	EndGlobalSection
	GlobalSection(ExtensibilityGlobals) = postSolution
		SolutionGuid = {217B2611-4A61-4412-B073-AA45E87580DA}
	EndGlobalSection
EndGlobal
